{
  "name": "antigravity-starter-ja",
  "version": "1.0.0",
  "lockfileVersion": 2,
  "requires": true,
  "packages": {
    "": {
      "name": "antigravity-starter-ja",
      "version": "1.0.0",
      "license": "ISC",
      "devDependencies": {
        "knowledge-cutoff-awareness": "github:imkohenauser/knowledge-cutoff-awareness"
      }
    },
    "node_modules/knowledge-cutoff-awareness": {
      "version": "1.0.0",
      "resolved": "git+ssh://git@github.com/imkohenauser/knowledge-cutoff-awareness.git#2b7ee2984c2e380dd9a35432c392e14b77a8a544",
      "dev": true,
      "license": "MIT",
      "bin": {
        "knowledge-cutoff-awareness-install": "bin/install.js"
      },
      "engines": {
        "node": ">=14.0.0"
      }
    }
  },
  "dependencies": {
    "knowledge-cutoff-awareness": {
      "version": "git+ssh://git@github.com/imkohenauser/knowledge-cutoff-awareness.git#2b7ee2984c2e380dd9a35432c392e14b77a8a544",
      "dev": true,
      "from": "knowledge-cutoff-awareness@github:imkohenauser/knowledge-cutoff-awareness"
    }
  }
}
