{
  "name": "antigravity-starter-ja",
  "version": "1.0.0",
  "lockfileVersion": 2,
  "requires": true,
  "packages": {
    "": {
      "name": "antigravity-starter-ja",
      "version": "1.0.0",
      "license": "ISC",
      "dependencies": {
        "knowledge-cutoff-awareness": "github:imkohenauser/knowledge-cutoff-awareness"
      },
      "devDependencies": {}
    },
    "node_modules/knowledge-cutoff-awareness": {
      "version": "1.0.0",
      "resolved": "git+ssh://git@github.com/imkohenauser/knowledge-cutoff-awareness.git#8d4cd855c4e652fce3a52921989d9022733ca096",
      "license": "MIT",
      "bin": {
        "knowledge-cutoff-awareness-install": "bin/install.js"
      },
      "engines": {
        "node": ">=14.0.0"
      }
    }
  },
  "dependencies": {
    "knowledge-cutoff-awareness": {
      "version": "git+ssh://git@github.com/imkohenauser/knowledge-cutoff-awareness.git#8d4cd855c4e652fce3a52921989d9022733ca096",
      "from": "knowledge-cutoff-awareness@git+https://github.com/imkohenauser/knowledge-cutoff-awareness.git"
    }
  }
}
